
Microsoft Visual Studio Solution File, Format Version 12.00
Project("{FAE04EC0-301F-11D3-BF4B-00C04F79EFBC}") = "Kodesiana.BogorIntelliTraffic.Web", "src\web\Kodesiana.BogorIntelliTraffic.Web.csproj", "{4BD0ED68-8CF3-467A-B2A3-997143B03998}"
EndProject
Global
	GlobalSection(SolutionConfigurationPlatforms) = preSolution
		Debug|Any CPU = Debug|Any CPU
		Release|Any CPU = Release|Any CPU
	EndGlobalSection
	GlobalSection(ProjectConfigurationPlatforms) = postSolution
		{4BD0ED68-8CF3-467A-B2A3-997143B03998}.Debug|Any CPU.ActiveCfg = Debug|Any CPU
		{4BD0ED68-8CF3-467A-B2A3-997143B03998}.Debug|Any CPU.Build.0 = Debug|Any CPU
		{4BD0ED68-8CF3-467A-B2A3-997143B03998}.Release|Any CPU.ActiveCfg = Release|Any CPU
		{4BD0ED68-8CF3-467A-B2A3-997143B03998}.Release|Any CPU.Build.0 = Release|Any CPU
	EndGlobalSection
EndGlobal
